
Microsoft Visual Studio Solution File, Format Version 12.00
# Visual Studio 15
VisualStudioVersion = 15.0.28307.645
MinimumVisualStudioVersion = 10.0.40219.1
Project("{FAE04EC0-301F-11D3-BF4B-00C04F79EFBC}") = "ReCaptchaV3.WebForms", "ReCaptchaV3.WebForms\ReCaptchaV3.WebForms.csproj", "{EAB13B2E-479C-46A6-88F4-41736016D03F}"
EndProject
Global
	GlobalSection(SolutionConfigurationPlatforms) = preSolution
		Debug|Any CPU = Debug|Any CPU
		Release|Any CPU = Release|Any CPU
	EndGlobalSection
	GlobalSection(ProjectConfigurationPlatforms) = postSolution
		{EAB13B2E-479C-46A6-88F4-41736016D03F}.Debug|Any CPU.ActiveCfg = Debug|Any CPU
		{EAB13B2E-479C-46A6-88F4-41736016D03F}.Debug|Any CPU.Build.0 = Debug|Any CPU
		{EAB13B2E-479C-46A6-88F4-41736016D03F}.Release|Any CPU.ActiveCfg = Release|Any CPU
		{EAB13B2E-479C-46A6-88F4-41736016D03F}.Release|Any CPU.Build.0 = Release|Any CPU
	EndGlobalSection
	GlobalSection(SolutionProperties) = preSolution
		HideSolutionNode = FALSE
	EndGlobalSection
	GlobalSection(ExtensibilityGlobals) = postSolution
		SolutionGuid = {8A9A6F16-F505-4A69-AB70-FBBF339970EB}
	EndGlobalSection
EndGlobal
